
Microsoft Visual Studio Solution File, Format Version 12.00
# Visual Studio 15
VisualStudioVersion = 15.0.28307.489
MinimumVisualStudioVersion = 10.0.40219.1
Project("{FAE04EC0-301F-11D3-BF4B-00C04F79EFBC}") = "Kyrsa4", "Kyrsa4\Kyrsa4.csproj", "{EC26CF80-D7CE-4E34-ADF7-B2E8B050552A}"
EndProject
Global
	GlobalSection(SolutionConfigurationPlatforms) = preSolution
		Debug|Any CPU = Debug|Any CPU
		Release|Any CPU = Release|Any CPU
	EndGlobalSection
	GlobalSection(ProjectConfigurationPlatforms) = postSolution
		{EC26CF80-D7CE-4E34-ADF7-B2E8B050552A}.Debug|Any CPU.ActiveCfg = Debug|Any CPU
		{EC26CF80-D7CE-4E34-ADF7-B2E8B050552A}.Debug|Any CPU.Build.0 = Debug|Any CPU
		{EC26CF80-D7CE-4E34-ADF7-B2E8B050552A}.Release|Any CPU.ActiveCfg = Release|Any CPU
		{EC26CF80-D7CE-4E34-ADF7-B2E8B050552A}.Release|Any CPU.Build.0 = Release|Any CPU
	EndGlobalSection
	GlobalSection(SolutionProperties) = preSolution
		HideSolutionNode = FALSE
	EndGlobalSection
	GlobalSection(ExtensibilityGlobals) = postSolution
		SolutionGuid = {C1BA396A-807B-4042-B28B-CA8B8C17EA7C}
	EndGlobalSection
EndGlobal
